
Microsoft Visual Studio Solution File, Format Version 12.00
# Visual Studio Version 16
VisualStudioVersion = 16.0.31911.196
MinimumVisualStudioVersion = 10.0.40219.1
Project("{FAE04EC0-301F-11D3-BF4B-00C04F79EFBC}") = "WindowsFormsApp3", "WindowsFormsApp3\WindowsFormsApp3.csproj", "{8C76D1CF-0799-4D8C-9869-EEDE0A21CF24}"
EndProject
Global
	GlobalSection(SolutionConfigurationPlatforms) = preSolution
		Debug|Any CPU = Debug|Any CPU
		Release|Any CPU = Release|Any CPU
	EndGlobalSection
	GlobalSection(ProjectConfigurationPlatforms) = postSolution
		{8C76D1CF-0799-4D8C-9869-EEDE0A21CF24}.Debug|Any CPU.ActiveCfg = Debug|Any CPU
		{8C76D1CF-0799-4D8C-9869-EEDE0A21CF24}.Debug|Any CPU.Build.0 = Debug|Any CPU
		{8C76D1CF-0799-4D8C-9869-EEDE0A21CF24}.Release|Any CPU.ActiveCfg = Release|Any CPU
		{8C76D1CF-0799-4D8C-9869-EEDE0A21CF24}.Release|Any CPU.Build.0 = Release|Any CPU
	EndGlobalSection
	GlobalSection(SolutionProperties) = preSolution
		HideSolutionNode = FALSE
	EndGlobalSection
	GlobalSection(ExtensibilityGlobals) = postSolution
		SolutionGuid = {24D20204-5FAE-48F4-8504-44537A012B53}
	EndGlobalSection
EndGlobal
